{
  "version": 4,
  "terraform_version": "1.5.7",
  "serial": 298,
  "lineage": "8a6b7615-633b-2dd7-ba27-56970a159bc8",
  "outputs": {
    "service_account_email": {
      "value": "transcription-dropbox-service@jos-transcripts.iam.gserviceaccount.com",
      "type": "string"
    },
    "webhook_url": {
      "value": "https://transcription-webhook-zykujvafaa-ue.a.run.app",
      "type": "string"
    },
    "worker_job_name": {
      "value": "transcription-worker",
      "type": "string"
    }
  },
  "resources": [
    {
      "mode": "data",
      "type": "archive_file",
      "name": "webhook_source",
      "provider": "provider[\"registry.terraform.io/hashicorp/archive\"]",
      "instances": [
        {
          "schema_version": 0,
          "attributes": {
            "exclude_symlink_directories": null,
            "excludes": null,
            "id": "d7c2854c02fadc00a38e73ac2254f92b8ee97676",
            "output_base64sha256": "T1pFJl36p+XTjsoZym0KZH3eWx86G2VVX0MIlvyaLEY=",
            "output_base64sha512": "UUQW2OvO5WeykBXyXeyNohEQuUPdnI8v0Y2N6WAAkaBoQ/ne8bWFxYOD9vw7UQvNy0OIdnsbGhAfVvR8lrRgnA==",
            "output_file_mode": null,
            "output_md5": "4e764e640ea200bb1c9a0179ba5ab362",
            "output_path": "webhook-source.zip",
            "output_sha": "d7c2854c02fadc00a38e73ac2254f92b8ee97676",
            "output_sha256": "4f5a45265dfaa7e5d38eca19ca6d0a647dde5b1f3a1b65555f430896fc9a2c46",
            "output_sha512": "514416d8ebcee567b29015f25dec8da21110b943dd9c8f2fd18d8de9600091a06843f9def1b585c58383f6fc3b510bcdcb4388767b1b1a101f56f47c96b4609c",
            "output_size": 5499,
            "source": [],
            "source_content": null,
            "source_content_filename": null,
            "source_dir": "../webhook",
            "source_file": null,
            "type": "zip"
          },
          "sensitive_attributes": []
        }
      ]
    },
    {
      "mode": "managed",
      "type": "google_cloud_run_v2_job",
      "name": "transcription_processor",
      "provider": "provider[\"registry.terraform.io/hashicorp/google\"]",
      "instances": [
        {
          "schema_version": 0,
          "attributes": {
            "annotations": {},
            "binary_authorization": [],
            "client": "",
            "client_version": "",
            "conditions": [],
            "create_time": "2025-08-03T19:29:24.250713Z",
            "creator": "mzakany@gmail.com",
            "delete_time": "",
            "deletion_protection": true,
            "effective_annotations": {},
            "effective_labels": {},
            "etag": "\"CPilxMQGEOCvkGE/cHJvamVjdHMvam9zLXRyYW5zY3JpcHRzL2xvY2F0aW9ucy91cy1lYXN0MS9qb2JzL3RyYW5zY3JpcHRpb24td29ya2Vy\"",
            "execution_count": 288,
            "expire_time": "",
            "generation": "11",
            "id": "projects/jos-transcripts/locations/us-east1/jobs/transcription-worker",
            "labels": {},
            "last_modifier": "mzakany@gmail.com",
            "latest_created_execution": [
              {
                "completion_time": "2025-08-04T19:59:30.342301Z",
                "create_time": "2025-08-04T19:58:57.011334Z",
                "name": "transcription-worker-4bwkx"
              }
            ],
            "launch_stage": "GA",
            "location": "us-east1",
            "name": "transcription-worker",
            "observed_generation": "11",
            "project": "jos-transcripts",
            "reconciling": false,
            "template": [
              {
                "annotations": {},
                "labels": {},
                "parallelism": 0,
                "task_count": 1,
                "template": [
                  {
                    "containers": [
                      {
                        "args": [],
                        "command": [],
                        "depends_on": [],
                        "env": [
                          {
                            "name": "DROPBOX_ACCESS_TOKEN",
                            "value": "",
                            "value_source": [
                              {
                                "secret_key_ref": [
                                  {
                                    "secret": "dropbox-access-token",
                                    "version": "latest"
                                  }
                                ]
                              }
                            ]
                          },
                          {
                            "name": "DROPBOX_PROCESSED_FOLDER",
                            "value": "/jos-transcripts/processed",
                            "value_source": []
                          },
                          {
                            "name": "DROPBOX_RAW_FOLDER",
                            "value": "/jos-transcripts/raw",
                            "value_source": []
                          },
                          {
                            "name": "ENABLE_EMAIL_NOTIFICATIONS",
                            "value": "true",
                            "value_source": []
                          },
                          {
                            "name": "GMAIL_SECRET_NAME",
                            "value": "gmail-credentials",
                            "value_source": []
                          },
                          {
                            "name": "NOTIFICATION_EMAIL",
                            "value": "mzakany@gmail.com",
                            "value_source": []
                          },
                          {
                            "name": "PROJECT_ID",
                            "value": "jos-transcripts",
                            "value_source": []
                          },
                          {
                            "name": "SECRET_NAME",
                            "value": "openai-api-key",
                            "value_source": []
                          }
                        ],
                        "image": "gcr.io/jos-transcripts/transcription-worker:latest",
                        "name": "",
                        "ports": [],
                        "resources": [
                          {
                            "limits": {
                              "cpu": "2",
                              "memory": "8Gi"
                            }
                          }
                        ],
                        "startup_probe": [],
                        "volume_mounts": [],
                        "working_dir": ""
                      }
                    ],
                    "encryption_key": "",
                    "execution_environment": "EXECUTION_ENVIRONMENT_GEN2",
                    "max_retries": 3,
                    "node_selector": [],
                    "service_account": "transcription-dropbox-service@jos-transcripts.iam.gserviceaccount.com",
                    "timeout": "3600s",
                    "volumes": [],
                    "vpc_access": []
                  }
                ]
              }
            ],
            "terminal_condition": [
              {
                "execution_reason": "",
                "last_transition_time": "2025-08-03T19:30:44.574242Z",
                "message": "",
                "reason": "",
                "revision_reason": "",
                "severity": "",
                "state": "CONDITION_SUCCEEDED",
                "type": "Ready"
              }
            ],
            "terraform_labels": {},
            "timeouts": null,
            "uid": "c525d6eb-113f-4f18-9835-e9a1c3d4b82b",
            "update_time": "2025-08-04T20:07:20.203692Z"
          },
          "sensitive_attributes": [],
          "private": "eyJlMmJmYjczMC1lY2FhLTExZTYtOGY4OC0zNDM2M2JjN2M0YzAiOnsiY3JlYXRlIjoxMjAwMDAwMDAwMDAwLCJkZWxldGUiOjEyMDAwMDAwMDAwMDAsInVwZGF0ZSI6MTIwMDAwMDAwMDAwMH19",
          "dependencies": [
            "google_project_service.required_apis",
            "google_secret_manager_secret.dropbox_token",
            "google_secret_manager_secret.gmail_credentials",
            "google_service_account.transcription_service"
          ]
        }
      ]
    },
    {
      "mode": "managed",
      "type": "google_cloudfunctions2_function",
      "name": "webhook_handler",
      "provider": "provider[\"registry.terraform.io/hashicorp/google\"]",
      "instances": [
        {
          "schema_version": 0,
          "attributes": {
            "build_config": [
              {
                "automatic_update_policy": [
                  {}
                ],
                "build": "projects/54675805854/locations/us-east1/builds/7a7e9fe5-43b6-46b6-bae0-49ad60e53470",
                "docker_repository": "projects/jos-transcripts/locations/us-east1/repositories/gcf-artifacts",
                "entry_point": "webhook_handler",
                "environment_variables": {},
                "on_deploy_update_policy": [],
                "runtime": "python311",
                "service_account": "projects/jos-transcripts/serviceAccounts/54675805854-compute@developer.gserviceaccount.com",
                "source": [
                  {
                    "repo_source": [],
                    "storage_source": [
                      {
                        "bucket": "jos-transcripts-webhook-source",
                        "generation": 1754273701141740,
                        "object": "webhook-source.zip"
                      }
                    ]
                  }
                ],
                "worker_pool": ""
              }
            ],
            "description": "",
            "effective_labels": {
              "goog-terraform-provisioned": "true"
            },
            "environment": "GEN_2",
            "event_trigger": [],
            "id": "projects/jos-transcripts/locations/us-east1/functions/transcription-webhook",
            "kms_key_name": "",
            "labels": {},
            "location": "us-east1",
            "name": "transcription-webhook",
            "project": "jos-transcripts",
            "service_config": [
              {
                "all_traffic_on_latest_revision": true,
                "available_cpu": "0.1666",
                "available_memory": "256Mi",
                "binary_authorization_policy": "",
                "environment_variables": {
                  "DROPBOX_PROCESSED_FOLDER": "/jos-transcripts/processed",
                  "DROPBOX_RAW_FOLDER": "/jos-transcripts/raw",
                  "GCP_REGION": "us-east1",
                  "LOG_EXECUTION_ID": "true",
                  "PROJECT_ID": "jos-transcripts",
                  "WORKER_JOB_NAME": "transcription-worker"
                },
                "gcf_uri": "",
                "ingress_settings": "ALLOW_ALL",
                "max_instance_count": 10,
                "max_instance_request_concurrency": 1,
                "min_instance_count": 0,
                "secret_environment_variables": [
                  {
                    "key": "DROPBOX_ACCESS_TOKEN",
                    "project_id": "jos-transcripts",
                    "secret": "dropbox-access-token",
                    "version": "latest"
                  },
                  {
                    "key": "DROPBOX_APP_SECRET",
                    "project_id": "jos-transcripts",
                    "secret": "dropbox-app-secret",
                    "version": "latest"
                  },
                  {
                    "key": "DROPBOX_REFRESH_TOKEN",
                    "project_id": "jos-transcripts",
                    "secret": "dropbox-refresh-token",
                    "version": "latest"
                  },
                  {
                    "key": "DROPBOX_APP_KEY",
                    "project_id": "jos-transcripts",
                    "secret": "dropbox-app-key",
                    "version": "latest"
                  }
                ],
                "secret_volumes": [],
                "service": "projects/jos-transcripts/locations/us-east1/services/transcription-webhook",
                "service_account_email": "transcription-dropbox-service@jos-transcripts.iam.gserviceaccount.com",
                "timeout_seconds": 60,
                "uri": "https://transcription-webhook-zykujvafaa-ue.a.run.app",
                "vpc_connector": "",
                "vpc_connector_egress_settings": ""
              }
            ],
            "state": "ACTIVE",
            "terraform_labels": {
              "goog-terraform-provisioned": "true"
            },
            "timeouts": null,
            "update_time": "2025-08-04T18:21:22.550071012Z",
            "url": "https://us-east1-jos-transcripts.cloudfunctions.net/transcription-webhook"
          },
          "sensitive_attributes": [],
          "private": "eyJlMmJmYjczMC1lY2FhLTExZTYtOGY4OC0zNDM2M2JjN2M0YzAiOnsiY3JlYXRlIjozNjAwMDAwMDAwMDAwLCJkZWxldGUiOjM2MDAwMDAwMDAwMDAsInVwZGF0ZSI6MzYwMDAwMDAwMDAwMH19",
          "dependencies": [
            "data.archive_file.webhook_source",
            "google_cloud_run_v2_job.transcription_processor",
            "google_project_service.required_apis",
            "google_secret_manager_secret.dropbox_secret",
            "google_secret_manager_secret.dropbox_token",
            "google_secret_manager_secret.gmail_credentials",
            "google_service_account.transcription_service",
            "google_storage_bucket.webhook_source",
            "google_storage_bucket_object.webhook_source"
          ]
        }
      ]
    },
    {
      "mode": "managed",
      "type": "google_cloudfunctions2_function_iam_member",
      "name": "webhook_public_access",
      "provider": "provider[\"registry.terraform.io/hashicorp/google\"]",
      "instances": [
        {
          "schema_version": 0,
          "attributes": {
            "cloud_function": "projects/jos-transcripts/locations/us-east1/functions/transcription-webhook",
            "condition": [],
            "etag": "BwY7gLCV/I4=",
            "id": "projects/jos-transcripts/locations/us-east1/functions/transcription-webhook/roles/cloudfunctions.invoker/allUsers",
            "location": "us-east1",
            "member": "allUsers",
            "project": "jos-transcripts",
            "role": "roles/cloudfunctions.invoker"
          },
          "sensitive_attributes": [],
          "private": "bnVsbA==",
          "dependencies": [
            "data.archive_file.webhook_source",
            "google_cloud_run_v2_job.transcription_processor",
            "google_cloudfunctions2_function.webhook_handler",
            "google_project_service.required_apis",
            "google_secret_manager_secret.dropbox_secret",
            "google_secret_manager_secret.dropbox_token",
            "google_secret_manager_secret.gmail_credentials",
            "google_service_account.transcription_service",
            "google_storage_bucket.webhook_source",
            "google_storage_bucket_object.webhook_source"
          ]
        }
      ]
    },
    {
      "mode": "managed",
      "type": "google_project_iam_member",
      "name": "run_invoker",
      "provider": "provider[\"registry.terraform.io/hashicorp/google\"]",
      "instances": [
        {
          "schema_version": 0,
          "attributes": {
            "condition": [],
            "etag": "BwY7gOs9QMs=",
            "id": "jos-transcripts/roles/run.invoker/serviceAccount:transcription-dropbox-service@jos-transcripts.iam.gserviceaccount.com",
            "member": "serviceAccount:transcription-dropbox-service@jos-transcripts.iam.gserviceaccount.com",
            "project": "jos-transcripts",
            "role": "roles/run.invoker"
          },
          "sensitive_attributes": [],
          "private": "bnVsbA==",
          "dependencies": [
            "google_service_account.transcription_service"
          ]
        }
      ]
    },
    {
      "mode": "managed",
      "type": "google_project_iam_member",
      "name": "secret_accessor",
      "provider": "provider[\"registry.terraform.io/hashicorp/google\"]",
      "instances": [
        {
          "schema_version": 0,
          "attributes": {
            "condition": [],
            "etag": "BwY7gOs9QMs=",
            "id": "jos-transcripts/roles/secretmanager.secretAccessor/serviceAccount:transcription-dropbox-service@jos-transcripts.iam.gserviceaccount.com",
            "member": "serviceAccount:transcription-dropbox-service@jos-transcripts.iam.gserviceaccount.com",
            "project": "jos-transcripts",
            "role": "roles/secretmanager.secretAccessor"
          },
          "sensitive_attributes": [],
          "private": "bnVsbA==",
          "dependencies": [
            "google_service_account.transcription_service"
          ]
        }
      ]
    },
    {
      "mode": "managed",
      "type": "google_project_iam_member",
      "name": "storage_admin",
      "provider": "provider[\"registry.terraform.io/hashicorp/google\"]",
      "instances": [
        {
          "schema_version": 0,
          "attributes": {
            "condition": [],
            "etag": "BwY7gOs9QMs=",
            "id": "jos-transcripts/roles/storage.admin/serviceAccount:transcription-dropbox-service@jos-transcripts.iam.gserviceaccount.com",
            "member": "serviceAccount:transcription-dropbox-service@jos-transcripts.iam.gserviceaccount.com",
            "project": "jos-transcripts",
            "role": "roles/storage.admin"
          },
          "sensitive_attributes": [],
          "private": "bnVsbA==",
          "dependencies": [
            "google_service_account.transcription_service"
          ]
        }
      ]
    },
    {
      "mode": "managed",
      "type": "google_project_service",
      "name": "pubsub_api",
      "provider": "provider[\"registry.terraform.io/hashicorp/google\"]",
      "instances": [
        {
          "schema_version": 0,
          "attributes": {
            "disable_dependent_services": null,
            "disable_on_destroy": true,
            "id": "jos-transcripts/pubsub.googleapis.com",
            "project": "jos-transcripts",
            "service": "pubsub.googleapis.com",
            "timeouts": null
          },
          "sensitive_attributes": [],
          "private": "eyJlMmJmYjczMC1lY2FhLTExZTYtOGY4OC0zNDM2M2JjN2M0YzAiOnsiY3JlYXRlIjoxMjAwMDAwMDAwMDAwLCJkZWxldGUiOjEyMDAwMDAwMDAwMDAsInJlYWQiOjYwMDAwMDAwMDAwMCwidXBkYXRlIjoxMjAwMDAwMDAwMDAwfX0="
        }
      ]
    },
    {
      "mode": "managed",
      "type": "google_project_service",
      "name": "required_apis",
      "provider": "provider[\"registry.terraform.io/hashicorp/google\"]",
      "instances": [
        {
          "index_key": "cloudbuild.googleapis.com",
          "schema_version": 0,
          "attributes": {
            "disable_dependent_services": false,
            "disable_on_destroy": true,
            "id": "jos-transcripts/cloudbuild.googleapis.com",
            "project": "jos-transcripts",
            "service": "cloudbuild.googleapis.com",
            "timeouts": null
          },
          "sensitive_attributes": [],
          "private": "eyJlMmJmYjczMC1lY2FhLTExZTYtOGY4OC0zNDM2M2JjN2M0YzAiOnsiY3JlYXRlIjoxMjAwMDAwMDAwMDAwLCJkZWxldGUiOjEyMDAwMDAwMDAwMDAsInJlYWQiOjYwMDAwMDAwMDAwMCwidXBkYXRlIjoxMjAwMDAwMDAwMDAwfX0="
        },
        {
          "index_key": "cloudfunctions.googleapis.com",
          "schema_version": 0,
          "attributes": {
            "disable_dependent_services": false,
            "disable_on_destroy": true,
            "id": "jos-transcripts/cloudfunctions.googleapis.com",
            "project": "jos-transcripts",
            "service": "cloudfunctions.googleapis.com",
            "timeouts": null
          },
          "sensitive_attributes": [],
          "private": "eyJlMmJmYjczMC1lY2FhLTExZTYtOGY4OC0zNDM2M2JjN2M0YzAiOnsiY3JlYXRlIjoxMjAwMDAwMDAwMDAwLCJkZWxldGUiOjEyMDAwMDAwMDAwMDAsInJlYWQiOjYwMDAwMDAwMDAwMCwidXBkYXRlIjoxMjAwMDAwMDAwMDAwfX0="
        },
        {
          "index_key": "run.googleapis.com",
          "schema_version": 0,
          "attributes": {
            "disable_dependent_services": false,
            "disable_on_destroy": true,
            "id": "jos-transcripts/run.googleapis.com",
            "project": "jos-transcripts",
            "service": "run.googleapis.com",
            "timeouts": null
          },
          "sensitive_attributes": [],
          "private": "eyJlMmJmYjczMC1lY2FhLTExZTYtOGY4OC0zNDM2M2JjN2M0YzAiOnsiY3JlYXRlIjoxMjAwMDAwMDAwMDAwLCJkZWxldGUiOjEyMDAwMDAwMDAwMDAsInJlYWQiOjYwMDAwMDAwMDAwMCwidXBkYXRlIjoxMjAwMDAwMDAwMDAwfX0="
        },
        {
          "index_key": "secretmanager.googleapis.com",
          "schema_version": 0,
          "attributes": {
            "disable_dependent_services": false,
            "disable_on_destroy": true,
            "id": "jos-transcripts/secretmanager.googleapis.com",
            "project": "jos-transcripts",
            "service": "secretmanager.googleapis.com",
            "timeouts": null
          },
          "sensitive_attributes": [],
          "private": "eyJlMmJmYjczMC1lY2FhLTExZTYtOGY4OC0zNDM2M2JjN2M0YzAiOnsiY3JlYXRlIjoxMjAwMDAwMDAwMDAwLCJkZWxldGUiOjEyMDAwMDAwMDAwMDAsInJlYWQiOjYwMDAwMDAwMDAwMCwidXBkYXRlIjoxMjAwMDAwMDAwMDAwfX0="
        },
        {
          "index_key": "storage.googleapis.com",
          "schema_version": 0,
          "attributes": {
            "disable_dependent_services": false,
            "disable_on_destroy": true,
            "id": "jos-transcripts/storage.googleapis.com",
            "project": "jos-transcripts",
            "service": "storage.googleapis.com",
            "timeouts": null
          },
          "sensitive_attributes": [],
          "private": "eyJlMmJmYjczMC1lY2FhLTExZTYtOGY4OC0zNDM2M2JjN2M0YzAiOnsiY3JlYXRlIjoxMjAwMDAwMDAwMDAwLCJkZWxldGUiOjEyMDAwMDAwMDAwMDAsInJlYWQiOjYwMDAwMDAwMDAwMCwidXBkYXRlIjoxMjAwMDAwMDAwMDAwfX0="
        }
      ]
    },
    {
      "mode": "managed",
      "type": "google_project_service",
      "name": "storage_api",
      "provider": "provider[\"registry.terraform.io/hashicorp/google\"]",
      "instances": [
        {
          "schema_version": 0,
          "attributes": {
            "disable_dependent_services": null,
            "disable_on_destroy": true,
            "id": "jos-transcripts/storage-api.googleapis.com",
            "project": "jos-transcripts",
            "service": "storage-api.googleapis.com",
            "timeouts": null
          },
          "sensitive_attributes": [],
          "private": "eyJlMmJmYjczMC1lY2FhLTExZTYtOGY4OC0zNDM2M2JjN2M0YzAiOnsiY3JlYXRlIjoxMjAwMDAwMDAwMDAwLCJkZWxldGUiOjEyMDAwMDAwMDAwMDAsInJlYWQiOjYwMDAwMDAwMDAwMCwidXBkYXRlIjoxMjAwMDAwMDAwMDAwfX0="
        }
      ]
    },
    {
      "mode": "managed",
      "type": "google_secret_manager_secret",
      "name": "dropbox_secret",
      "provider": "provider[\"registry.terraform.io/hashicorp/google\"]",
      "instances": [
        {
          "schema_version": 0,
          "attributes": {
            "annotations": {},
            "create_time": "2025-08-03T15:35:31.810709Z",
            "deletion_protection": false,
            "effective_annotations": {},
            "effective_labels": {},
            "expire_time": "",
            "id": "projects/jos-transcripts/secrets/dropbox-app-secret",
            "labels": {},
            "name": "projects/54675805854/secrets/dropbox-app-secret",
            "project": "jos-transcripts",
            "replication": [
              {
                "auto": [
                  {
                    "customer_managed_encryption": []
                  }
                ],
                "user_managed": []
              }
            ],
            "rotation": [],
            "secret_id": "dropbox-app-secret",
            "tags": null,
            "terraform_labels": {},
            "timeouts": null,
            "topics": [],
            "ttl": null,
            "version_aliases": {},
            "version_destroy_ttl": ""
          },
          "sensitive_attributes": [],
          "private": "eyJlMmJmYjczMC1lY2FhLTExZTYtOGY4OC0zNDM2M2JjN2M0YzAiOnsiY3JlYXRlIjoxMjAwMDAwMDAwMDAwLCJkZWxldGUiOjEyMDAwMDAwMDAwMDAsInVwZGF0ZSI6MTIwMDAwMDAwMDAwMH0sInNjaGVtYV92ZXJzaW9uIjoiMCJ9",
          "dependencies": [
            "google_project_service.required_apis"
          ]
        }
      ]
    },
    {
      "mode": "managed",
      "type": "google_secret_manager_secret",
      "name": "dropbox_token",
      "provider": "provider[\"registry.terraform.io/hashicorp/google\"]",
      "instances": [
        {
          "schema_version": 0,
          "attributes": {
            "annotations": {},
            "create_time": "2025-08-03T18:02:53.495069Z",
            "deletion_protection": false,
            "effective_annotations": {},
            "effective_labels": {},
            "expire_time": "",
            "id": "projects/jos-transcripts/secrets/dropbox-access-token",
            "labels": {},
            "name": "projects/54675805854/secrets/dropbox-access-token",
            "project": "jos-transcripts",
            "replication": [
              {
                "auto": [
                  {
                    "customer_managed_encryption": []
                  }
                ],
                "user_managed": []
              }
            ],
            "rotation": [],
            "secret_id": "dropbox-access-token",
            "tags": null,
            "terraform_labels": {},
            "timeouts": null,
            "topics": [],
            "ttl": null,
            "version_aliases": {},
            "version_destroy_ttl": ""
          },
          "sensitive_attributes": [],
          "private": "eyJlMmJmYjczMC1lY2FhLTExZTYtOGY4OC0zNDM2M2JjN2M0YzAiOnsiY3JlYXRlIjoxMjAwMDAwMDAwMDAwLCJkZWxldGUiOjEyMDAwMDAwMDAwMDAsInVwZGF0ZSI6MTIwMDAwMDAwMDAwMH0sInNjaGVtYV92ZXJzaW9uIjoiMCJ9",
          "dependencies": [
            "google_project_service.required_apis"
          ]
        }
      ]
    },
    {
      "mode": "managed",
      "type": "google_secret_manager_secret",
      "name": "gmail_credentials",
      "provider": "provider[\"registry.terraform.io/hashicorp/google\"]",
      "instances": [
        {
          "schema_version": 0,
          "attributes": {
            "annotations": {},
            "create_time": "2025-08-04T17:30:45.235304Z",
            "deletion_protection": false,
            "effective_annotations": {},
            "effective_labels": {
              "goog-terraform-provisioned": "true"
            },
            "expire_time": "",
            "id": "projects/jos-transcripts/secrets/gmail-credentials",
            "labels": {},
            "name": "projects/54675805854/secrets/gmail-credentials",
            "project": "jos-transcripts",
            "replication": [
              {
                "auto": [
                  {
                    "customer_managed_encryption": []
                  }
                ],
                "user_managed": []
              }
            ],
            "rotation": [],
            "secret_id": "gmail-credentials",
            "tags": null,
            "terraform_labels": {
              "goog-terraform-provisioned": "true"
            },
            "timeouts": null,
            "topics": [],
            "ttl": null,
            "version_aliases": {},
            "version_destroy_ttl": ""
          },
          "sensitive_attributes": [],
          "private": "eyJlMmJmYjczMC1lY2FhLTExZTYtOGY4OC0zNDM2M2JjN2M0YzAiOnsiY3JlYXRlIjoxMjAwMDAwMDAwMDAwLCJkZWxldGUiOjEyMDAwMDAwMDAwMDAsInVwZGF0ZSI6MTIwMDAwMDAwMDAwMH19",
          "dependencies": [
            "google_project_service.required_apis"
          ]
        }
      ]
    },
    {
      "mode": "managed",
      "type": "google_secret_manager_secret",
      "name": "openai_key",
      "provider": "provider[\"registry.terraform.io/hashicorp/google\"]",
      "instances": [
        {
          "schema_version": 0,
          "attributes": {
            "annotations": {},
            "create_time": "2025-08-03T19:19:16.806631Z",
            "deletion_protection": false,
            "effective_annotations": {},
            "effective_labels": {},
            "expire_time": "",
            "id": "projects/jos-transcripts/secrets/openai-api-key",
            "labels": {},
            "name": "projects/54675805854/secrets/openai-api-key",
            "project": "jos-transcripts",
            "replication": [
              {
                "auto": [
                  {
                    "customer_managed_encryption": []
                  }
                ],
                "user_managed": []
              }
            ],
            "rotation": [],
            "secret_id": "openai-api-key",
            "tags": null,
            "terraform_labels": {},
            "timeouts": null,
            "topics": [],
            "ttl": null,
            "version_aliases": {},
            "version_destroy_ttl": ""
          },
          "sensitive_attributes": [],
          "private": "eyJlMmJmYjczMC1lY2FhLTExZTYtOGY4OC0zNDM2M2JjN2M0YzAiOnsiY3JlYXRlIjoxMjAwMDAwMDAwMDAwLCJkZWxldGUiOjEyMDAwMDAwMDAwMDAsInVwZGF0ZSI6MTIwMDAwMDAwMDAwMH19",
          "dependencies": [
            "google_project_service.required_apis"
          ]
        }
      ]
    },
    {
      "mode": "managed",
      "type": "google_secret_manager_secret_version",
      "name": "dropbox_secret",
      "provider": "provider[\"registry.terraform.io/hashicorp/google\"]",
      "instances": [
        {
          "schema_version": 0,
          "attributes": {
            "create_time": "2025-08-04T00:27:41.204115Z",
            "deletion_policy": "DELETE",
            "destroy_time": "",
            "enabled": true,
            "id": "projects/54675805854/secrets/dropbox-app-secret/versions/4",
            "is_secret_data_base64": false,
            "name": "projects/54675805854/secrets/dropbox-app-secret/versions/4",
            "secret": "projects/jos-transcripts/secrets/dropbox-app-secret",
            "secret_data": "aklkt8yz7pshz34",
            "secret_data_wo": null,
            "secret_data_wo_version": 0,
            "timeouts": null,
            "version": "4"
          },
          "sensitive_attributes": [
            [
              {
                "type": "get_attr",
                "value": "secret_data"
              }
            ]
          ],
          "private": "eyJlMmJmYjczMC1lY2FhLTExZTYtOGY4OC0zNDM2M2JjN2M0YzAiOnsiY3JlYXRlIjoxMjAwMDAwMDAwMDAwLCJkZWxldGUiOjEyMDAwMDAwMDAwMDAsInVwZGF0ZSI6MTIwMDAwMDAwMDAwMH19",
          "dependencies": [
            "google_project_service.required_apis",
            "google_secret_manager_secret.dropbox_secret"
          ]
        }
      ]
    },
    {
      "mode": "managed",
      "type": "google_secret_manager_secret_version",
      "name": "dropbox_token",
      "provider": "provider[\"registry.terraform.io/hashicorp/google\"]",
      "instances": [
        {
          "schema_version": 0,
          "attributes": {
            "create_time": "2025-08-04T00:27:41.095276Z",
            "deletion_policy": "DELETE",
            "destroy_time": "",
            "enabled": true,
            "id": "projects/54675805854/secrets/dropbox-access-token/versions/6",
            "is_secret_data_base64": false,
            "name": "projects/54675805854/secrets/dropbox-access-token/versions/6",
            "secret": "projects/jos-transcripts/secrets/dropbox-access-token",
            "secret_data": "sl.u.AF5ex0UGaJ4Dev9JlDpkGAvX6aeQ3XLGq7HLnhQViZiun1z81RGhxFDagX5KTntX2kPTp_CZS55xihA2A4zUoyr8gPBqQocSB_Slw_XPVbD7uy7GS3qNgBYIQWto2CIIgkF0IQuY9fiAtcJg3v5nS2UvmGuk7Vo3l7gWjb7L1oNj3ZUOvq0bT-JtyXq9uaFVPPkTc7OjmssdCW0BQiMBWs0yTNG2eZwOBiKbdbtTnageQ2aqIKP8hwHcOvJfo35jbvQwjy95TADJ9Mx9kCu60g5U7cQxKsQe3d83zv1QG4tBMtAQ-TFrIJUclenAxtKVzGK5AkAsBRh6lRMQ26_KCG7qs-_nQ-1j-PnhCkvmHk5c2pEuEnKdkcDDKoQSg5jSsZ_E1fUaLQUgZiOFILgSTq71Riq_g2rdqimGjJ_8-LGrUOWDVhHyxDm8KwFoSoZ1OTVUR4dYwtf1I5I7-hClXnwgtv_jBFcx89Qly-jj8qcapdZLVXdSTmbrQmj2P4nt03DW5eRco5CiBXGZ5vOfC_bDvAjvXKy8uMMB-uwOOhrB1G3-4GpHe1wlRJPX7HurfF3um3Wp2pZrDoFaYk4r97XdLJiKsGgHVvd9aQud3CdiQ-KRc2xx8j-5jTGNd8rEVrPfZr1eFGhDcw920IdGyqrKo7IWm5YWJGcJRrZKTJLgzbYDLLGKlU81o_TeAl4herVyXBncNzmTXEH_Crq49lHl65WxknwaInjDVPuN8aGxlPspPGSQZ6SftJ3-prU0Ckj5rTFFipePg06QFx9fPFZ-IgHfcs987gj32k_v45iZj40wEH5hPbcUR98hZbl9msObz6jb-F-00JULw6li-ZwGXcLPLAm7XsY4se4oAwMZZyrg8xeZgF9jvxWaVeYN21R3RbBX1zm3ORthbdBqXNXt9HOFnZM4VxKFD-ed0nsfPT-BXtDRIz6BW5ErL-k4jIF8JTHZxw-GKclzvcPMusO9J1tFA0HnwyIhnJFpSNsZ-OIcKX1kpVbd4lsP7KUmbR_LTBtdbGJCyPHI90UEW04Ii3GpKyKNLeMT6a4WVfjFo6ItYSgQoNIjB_uq7rpcZjSRgr71vJRu63WXe7O677U-lyIH6S5NeCfQIxJnhlsfvDsd2lJYO05ku8XIcHzsqlwJXF8R4EnIrpwvC9mKx8DBtVmAgosT7K-5svixM_CMC_Zaao8VAOjeeKlJ4XVamp2yTRFMpeIs28pJtFitO0goAZY32Ayxi-s5Vjy80_fu4LiSRiKSLd1L3ewnE2HdO7NQx7P-70GOfRdvH_7nVREi",
            "secret_data_wo": null,
            "secret_data_wo_version": 0,
            "timeouts": null,
            "version": "6"
          },
          "sensitive_attributes": [
            [
              {
                "type": "get_attr",
                "value": "secret_data"
              }
            ]
          ],
          "private": "eyJlMmJmYjczMC1lY2FhLTExZTYtOGY4OC0zNDM2M2JjN2M0YzAiOnsiY3JlYXRlIjoxMjAwMDAwMDAwMDAwLCJkZWxldGUiOjEyMDAwMDAwMDAwMDAsInVwZGF0ZSI6MTIwMDAwMDAwMDAwMH19",
          "dependencies": [
            "google_project_service.required_apis",
            "google_secret_manager_secret.dropbox_token"
          ]
        }
      ]
    },
    {
      "mode": "managed",
      "type": "google_secret_manager_secret_version",
      "name": "gmail_credentials",
      "provider": "provider[\"registry.terraform.io/hashicorp/google\"]",
      "instances": [
        {
          "schema_version": 0,
          "attributes": {
            "create_time": "2025-08-04T17:30:46.322563Z",
            "deletion_policy": "DELETE",
            "destroy_time": "",
            "enabled": true,
            "id": "projects/54675805854/secrets/gmail-credentials/versions/1",
            "is_secret_data_base64": false,
            "name": "projects/54675805854/secrets/gmail-credentials/versions/1",
            "secret": "projects/jos-transcripts/secrets/gmail-credentials",
            "secret_data": "{\"app_password\":\"vwag andl grwo sars\",\"email\":\"mzakany@gmail.com\",\"smtp_port\":587,\"smtp_server\":\"smtp.gmail.com\"}",
            "secret_data_wo": null,
            "secret_data_wo_version": 0,
            "timeouts": null,
            "version": "1"
          },
          "sensitive_attributes": [
            [
              {
                "type": "get_attr",
                "value": "secret_data"
              }
            ]
          ],
          "private": "eyJlMmJmYjczMC1lY2FhLTExZTYtOGY4OC0zNDM2M2JjN2M0YzAiOnsiY3JlYXRlIjoxMjAwMDAwMDAwMDAwLCJkZWxldGUiOjEyMDAwMDAwMDAwMDAsInVwZGF0ZSI6MTIwMDAwMDAwMDAwMH19",
          "dependencies": [
            "google_project_service.required_apis",
            "google_secret_manager_secret.gmail_credentials"
          ]
        }
      ]
    },
    {
      "mode": "managed",
      "type": "google_service_account",
      "name": "transcription_service",
      "provider": "provider[\"registry.terraform.io/hashicorp/google\"]",
      "instances": [
        {
          "schema_version": 0,
          "attributes": {
            "account_id": "transcription-dropbox-service",
            "create_ignore_already_exists": null,
            "description": "Service account for Dropbox-based transcription pipeline",
            "disabled": false,
            "display_name": "Transcription Service (Dropbox)",
            "email": "transcription-dropbox-service@jos-transcripts.iam.gserviceaccount.com",
            "id": "projects/jos-transcripts/serviceAccounts/transcription-dropbox-service@jos-transcripts.iam.gserviceaccount.com",
            "member": "serviceAccount:transcription-dropbox-service@jos-transcripts.iam.gserviceaccount.com",
            "name": "projects/jos-transcripts/serviceAccounts/transcription-dropbox-service@jos-transcripts.iam.gserviceaccount.com",
            "project": "jos-transcripts",
            "timeouts": null,
            "unique_id": "109665802917613514123"
          },
          "sensitive_attributes": [],
          "private": "eyJlMmJmYjczMC1lY2FhLTExZTYtOGY4OC0zNDM2M2JjN2M0YzAiOnsiY3JlYXRlIjozMDAwMDAwMDAwMDB9fQ=="
        }
      ]
    },
    {
      "mode": "managed",
      "type": "google_storage_bucket",
      "name": "webhook_source",
      "provider": "provider[\"registry.terraform.io/hashicorp/google\"]",
      "instances": [
        {
          "schema_version": 3,
          "attributes": {
            "autoclass": [],
            "cors": [],
            "custom_placement_config": [],
            "default_event_based_hold": false,
            "effective_labels": {
              "goog-terraform-provisioned": "true"
            },
            "enable_object_retention": false,
            "encryption": [],
            "force_destroy": false,
            "hierarchical_namespace": [
              {
                "enabled": false
              }
            ],
            "id": "jos-transcripts-webhook-source",
            "ip_filter": [],
            "labels": {},
            "lifecycle_rule": [],
            "location": "US-EAST1",
            "logging": [],
            "name": "jos-transcripts-webhook-source",
            "project": "jos-transcripts",
            "project_number": 54675805854,
            "public_access_prevention": "inherited",
            "requester_pays": false,
            "retention_policy": [],
            "rpo": null,
            "self_link": "https://www.googleapis.com/storage/v1/b/jos-transcripts-webhook-source",
            "soft_delete_policy": [
              {
                "effective_time": "2025-08-03T19:38:38.193Z",
                "retention_duration_seconds": 604800
              }
            ],
            "storage_class": "STANDARD",
            "terraform_labels": {
              "goog-terraform-provisioned": "true"
            },
            "time_created": "2025-08-03T19:38:38.193Z",
            "timeouts": null,
            "uniform_bucket_level_access": false,
            "updated": "2025-08-03T19:38:38.193Z",
            "url": "gs://jos-transcripts-webhook-source",
            "versioning": [],
            "website": []
          },
          "sensitive_attributes": [],
          "private": "eyJlMmJmYjczMC1lY2FhLTExZTYtOGY4OC0zNDM2M2JjN2M0YzAiOnsiY3JlYXRlIjo2MDAwMDAwMDAwMDAsInJlYWQiOjI0MDAwMDAwMDAwMCwidXBkYXRlIjoyNDAwMDAwMDAwMDB9LCJzY2hlbWFfdmVyc2lvbiI6IjMifQ==",
          "dependencies": [
            "google_project_service.required_apis"
          ]
        }
      ]
    },
    {
      "mode": "managed",
      "type": "google_storage_bucket_object",
      "name": "webhook_source",
      "provider": "provider[\"registry.terraform.io/hashicorp/google\"]",
      "instances": [
        {
          "schema_version": 0,
          "attributes": {
            "bucket": "jos-transcripts-webhook-source",
            "cache_control": "",
            "content": null,
            "content_disposition": "",
            "content_encoding": "",
            "content_language": "",
            "content_type": "application/zip",
            "crc32c": "JYJ9AA==",
            "customer_encryption": [],
            "detect_md5hash": "TnZOZA6iALscmgF5ulqzYg==",
            "event_based_hold": false,
            "force_empty_content_type": null,
            "generation": 1754328645309505,
            "id": "jos-transcripts-webhook-source-webhook-source.zip",
            "kms_key_name": "",
            "md5hash": "TnZOZA6iALscmgF5ulqzYg==",
            "md5hexhash": "4e764e640ea200bb1c9a0179ba5ab362",
            "media_link": "https://storage.googleapis.com/download/storage/v1/b/jos-transcripts-webhook-source/o/webhook-source.zip?generation=1754328645309505\u0026alt=media",
            "metadata": {},
            "name": "webhook-source.zip",
            "output_name": "webhook-source.zip",
            "retention": [],
            "self_link": "https://www.googleapis.com/storage/v1/b/jos-transcripts-webhook-source/o/webhook-source.zip",
            "source": "webhook-source.zip",
            "source_md5hash": "",
            "storage_class": "STANDARD",
            "temporary_hold": false,
            "timeouts": null
          },
          "sensitive_attributes": [],
          "private": "eyJlMmJmYjczMC1lY2FhLTExZTYtOGY4OC0zNDM2M2JjN2M0YzAiOnsiY3JlYXRlIjoyNDAwMDAwMDAwMDAsImRlbGV0ZSI6MjQwMDAwMDAwMDAwLCJ1cGRhdGUiOjI0MDAwMDAwMDAwMH19",
          "dependencies": [
            "data.archive_file.webhook_source",
            "google_project_service.required_apis",
            "google_storage_bucket.webhook_source"
          ]
        }
      ]
    }
  ],
  "check_results": null
}
